# This file was autogenerated by Stack.
# You should not edit this file by hand.
# For more information, please see the documentation at:
#   https://docs.haskellstack.org/en/stable/lock_files

packages:
- completed:
    hackage: pandoc-2.14.0.3@sha256:aaa5fadd0421a319c42959171f2cfdf29cd6b720bbd869a7b7ce6bf248e81667,38288
    pantry-tree:
      size: 123857
      sha256: 9e404b972c449106237cc7516bfc2b2872447b5787dc372980ae114e4f10aeeb
  original:
    hackage: pandoc-2.14.0.3@sha256:aaa5fadd0421a319c42959171f2cfdf29cd6b720bbd869a7b7ce6bf248e81667,38288
- completed:
    hackage: citeproc-0.4.0.1@sha256:f37ce1abfcd0fd71541aec63ac8780a1ce4ca67eef6e77eed4cdb659100dc97a,5634
    pantry-tree:
      size: 79566
      sha256: 18968f19cec0ef1dbace44d4beaa173b3a3c13b70107a33357f31b3bd3824689
  original:
    hackage: citeproc-0.4.0.1@sha256:f37ce1abfcd0fd71541aec63ac8780a1ce4ca67eef6e77eed4cdb659100dc97a,5634
- completed:
    hackage: commonmark-0.2.1@sha256:608e4a274c074938405491631edd9de9e2bca9fc6064aa43e48d19a03809bc5b,3428
    pantry-tree:
      size: 1348
      sha256: 67140221c939aeff84ed14634ff50afe49e0ea844b61605effe800425f4dcb67
  original:
    hackage: commonmark-0.2.1@sha256:608e4a274c074938405491631edd9de9e2bca9fc6064aa43e48d19a03809bc5b,3428
- completed:
    hackage: commonmark-extensions-0.2.1.2@sha256:50a979f3d18f160ffc412fff363ef4777efa70a88f10cc928a4c75d216d495eb,3486
    pantry-tree:
      size: 3315
      sha256: f1da07d40557e23b3707108de0541881cb66540b848655c29eef89b9fc1c5e0e
  original:
    hackage: commonmark-extensions-0.2.1.2@sha256:50a979f3d18f160ffc412fff363ef4777efa70a88f10cc928a4c75d216d495eb,3486
- completed:
    hackage: commonmark-pandoc-0.2.1.1@sha256:20aad71e3aed60b7f21ffe015d96f80e0bed42776a940b50f104a09bf3dc0f69,1153
    pantry-tree:
      size: 326
      sha256: f32574f6df1d3720060f914275218177d0251d0b9d37561e10030fb018bb108e
  original:
    hackage: commonmark-pandoc-0.2.1.1@sha256:20aad71e3aed60b7f21ffe015d96f80e0bed42776a940b50f104a09bf3dc0f69,1153
- completed:
    hackage: doclayout-0.3.0.2@sha256:ec561f08d16eef20b4d218d04a098630f4101d9aad729587648ba4d83feaaf8a,2063
    pantry-tree:
      size: 425
      sha256: 9956a40df416fc356289f12f2fdacb093b52b26dbfad02d5b01ea2b32b9224b9
  original:
    hackage: doclayout-0.3.0.2@sha256:ec561f08d16eef20b4d218d04a098630f4101d9aad729587648ba4d83feaaf8a,2063
- completed:
    hackage: haddock-library-1.10.0@sha256:2a6c239da9225951a5d837e1ce373faeeae60d1345c78dd0a0b0f29df30c4fe9,4098
    pantry-tree:
      size: 3645
      sha256: 1e6bfa160a41ccddfa3d02cd456b7e84f7bf17c766a07b27c730327cf49bf63e
  original:
    hackage: haddock-library-1.10.0@sha256:2a6c239da9225951a5d837e1ce373faeeae60d1345c78dd0a0b0f29df30c4fe9,4098
- completed:
    hackage: hslua-module-path-0.1.0.1@sha256:1fe319f18315618491260c912e85b6f73e406499c8fe2fa505e59036a4ff78fd,2502
    pantry-tree:
      size: 418
      sha256: cc48ce7a84cce91c7655b4127f6fd19dd296a089e65eb58ec595bc3413a07c92
  original:
    hackage: hslua-module-path-0.1.0.1@sha256:1fe319f18315618491260c912e85b6f73e406499c8fe2fa505e59036a4ff78fd,2502
- completed:
    hackage: jira-wiki-markup-1.4.0@sha256:2fdb7b50bd270d7d388b31df1c746c2864326b68bdd44045323c4f81fd6d5283,3851
    pantry-tree:
      size: 1181
      sha256: 3817344d1039fb3069b68da0accf199c0149e2c456e369d86460f56fd2289620
  original:
    hackage: jira-wiki-markup-1.4.0@sha256:2fdb7b50bd270d7d388b31df1c746c2864326b68bdd44045323c4f81fd6d5283,3851
- completed:
    hackage: skylighting-0.10.5.2@sha256:90645e4d79dd832591e04e7c31b20cbbf125bfc796df0b7d77faee48f2073fb2,10155
    pantry-tree:
      size: 10982
      sha256: d1c6f232631a849df67f58885460aace4b4f7ef6418ab95e146299aecd68f3db
  original:
    hackage: skylighting-0.10.5.2@sha256:90645e4d79dd832591e04e7c31b20cbbf125bfc796df0b7d77faee48f2073fb2,10155
- completed:
    hackage: skylighting-core-0.10.5.2@sha256:a5575661cdcea1741eb6ecf4e9f627ddcfa746b8451506f6140ea7f3b639c61a,8048
    pantry-tree:
      size: 13826
      sha256: 76d9c2aa6bc30e398cd4000be6e06f9a72241229e57c69d44c3f47be2c67a8ad
  original:
    hackage: skylighting-core-0.10.5.2@sha256:a5575661cdcea1741eb6ecf4e9f627ddcfa746b8451506f6140ea7f3b639c61a,8048
- completed:
    hackage: texmath-0.12.3@sha256:7560c097a483e69af99d38aab590924f4b2ab066da35fc5b68c01accd8b65190,6570
    pantry-tree:
      size: 274279
      sha256: 463a4249c37f7f5375cf6e20e7560a5fe81963163db636c2e4779c2012eb7d86
  original:
    hackage: texmath-0.12.3@sha256:7560c097a483e69af99d38aab590924f4b2ab066da35fc5b68c01accd8b65190,6570
- completed:
    hackage: unicode-collation-0.1.3@sha256:4e92a82fff19e26e1ee46d7c945b3a4939a32c0c7e6beadbff9a91f1e16b5295,5122
    pantry-tree:
      size: 7407
      sha256: 704dc306e8d1a1fc774459c49024c9f6448bded1a82b0a8657b11b565fd4b2c8
  original:
    hackage: unicode-collation-0.1.3@sha256:4e92a82fff19e26e1ee46d7c945b3a4939a32c0c7e6beadbff9a91f1e16b5295,5122
- completed:
    hackage: xml-conduit-1.9.1.1@sha256:7213a64462d669f5ca55534a78a9b19c1d3757a605756e1f5065fa7c611493c1,3010
    pantry-tree:
      size: 836
      sha256: f1d88705f6f5368a5861251f5b32f59374a2aaa979079fb8a128bd15f830da75
  original:
    hackage: xml-conduit-1.9.1.1@sha256:7213a64462d669f5ca55534a78a9b19c1d3757a605756e1f5065fa7c611493c1,3010
snapshots:
- completed:
    size: 563099
    url: https://raw.githubusercontent.com/commercialhaskell/stackage-snapshots/master/lts/17/2.yaml
    sha256: 92b1a17e31d0a978fca4bf270305d4d1dd8092271bf60eafbc9349c890854026
  original:
    url: https://raw.githubusercontent.com/commercialhaskell/stackage-snapshots/master/lts/17/2.yaml
